
Microsoft Visual Studio Solution File, Format Version 12.00
# Visual Studio Version 16
VisualStudioVersion = 16.0.29020.237
MinimumVisualStudioVersion = 10.0.40219.1
Project("{FAE04EC0-301F-11D3-BF4B-00C04F79EFBC}") = "Entry Pointer", "Entry Pointer\Entry Pointer.csproj", "{1C92CA49-6FC8-42D0-8CEB-F595F749E2CB}"
EndProject
Project("{FAE04EC0-301F-11D3-BF4B-00C04F79EFBC}") = "OOP01", "OOP01\OOP01.csproj", "{481EC83C-09BB-45F8-95A2-3C9FC05A3446}"
EndProject
Global
	GlobalSection(SolutionConfigurationPlatforms) = preSolution
		Debug|Any CPU = Debug|Any CPU
		Release|Any CPU = Release|Any CPU
	EndGlobalSection
	GlobalSection(ProjectConfigurationPlatforms) = postSolution
		{1C92CA49-6FC8-42D0-8CEB-F595F749E2CB}.Debug|Any CPU.ActiveCfg = Debug|Any CPU
		{1C92CA49-6FC8-42D0-8CEB-F595F749E2CB}.Debug|Any CPU.Build.0 = Debug|Any CPU
		{1C92CA49-6FC8-42D0-8CEB-F595F749E2CB}.Release|Any CPU.ActiveCfg = Release|Any CPU
		{1C92CA49-6FC8-42D0-8CEB-F595F749E2CB}.Release|Any CPU.Build.0 = Release|Any CPU
		{481EC83C-09BB-45F8-95A2-3C9FC05A3446}.Debug|Any CPU.ActiveCfg = Debug|Any CPU
		{481EC83C-09BB-45F8-95A2-3C9FC05A3446}.Debug|Any CPU.Build.0 = Debug|Any CPU
		{481EC83C-09BB-45F8-95A2-3C9FC05A3446}.Release|Any CPU.ActiveCfg = Release|Any CPU
		{481EC83C-09BB-45F8-95A2-3C9FC05A3446}.Release|Any CPU.Build.0 = Release|Any CPU
	EndGlobalSection
	GlobalSection(SolutionProperties) = preSolution
		HideSolutionNode = FALSE
	EndGlobalSection
	GlobalSection(ExtensibilityGlobals) = postSolution
		SolutionGuid = {688EFD5B-9A3F-4EE2-8055-82C991A4117D}
	EndGlobalSection
EndGlobal
